
Microsoft Visual Studio Solution File, Format Version 12.00
# Visual Studio Version 16
VisualStudioVersion = 16.0.28922.388
MinimumVisualStudioVersion = 10.0.40219.1
Project("{888888A0-9F3D-457C-B088-3A5042F75D52}") = "PERalgorithms", "PERalgorithms\PERalgorithms.pyproj", "{70A20584-8F41-415F-811A-C16A34BD59F0}"
EndProject
Global
	GlobalSection(SolutionConfigurationPlatforms) = preSolution
		Debug|Any CPU = Debug|Any CPU
		Release|Any CPU = Release|Any CPU
	EndGlobalSection
	GlobalSection(ProjectConfigurationPlatforms) = postSolution
		{70A20584-8F41-415F-811A-C16A34BD59F0}.Debug|Any CPU.ActiveCfg = Debug|Any CPU
		{70A20584-8F41-415F-811A-C16A34BD59F0}.Release|Any CPU.ActiveCfg = Release|Any CPU
	EndGlobalSection
	GlobalSection(SolutionProperties) = preSolution
		HideSolutionNode = FALSE
	EndGlobalSection
	GlobalSection(ExtensibilityGlobals) = postSolution
		SolutionGuid = {21783F35-4306-4EC9-9C31-4A0A8722EDE3}
	EndGlobalSection
EndGlobal
